
Microsoft Visual Studio Solution File, Format Version 12.00
# Visual Studio 14
VisualStudioVersion = 14.0.24720.0
MinimumVisualStudioVersion = 10.0.40219.1
Project("{FAE04EC0-301F-11D3-BF4B-00C04F79EFBC}") = "Olio2", "Olio2\Olio2.csproj", "{E3B9CFF0-BC7D-42AD-98DE-59F3465E6E7F}"
EndProject
Project("{FAE04EC0-301F-11D3-BF4B-00C04F79EFBC}") = "Olio3", "Olio3\Olio3.csproj", "{66B92EBE-2636-4D8C-A9CC-BB4342F0AB26}"
EndProject
Project("{FAE04EC0-301F-11D3-BF4B-00C04F79EFBC}") = "Kiuasolio", "Kiuasolio\Kiuasolio.csproj", "{BBA5B0C2-E75C-498C-BD61-BDE32C850CEA}"
EndProject
Project("{FAE04EC0-301F-11D3-BF4B-00C04F79EFBC}") = "Demo8", "Demo8\Demo8.csproj", "{6A013ED3-E5EC-49F0-8600-6A4C110477C6}"
EndProject
Project("{FAE04EC0-301F-11D3-BF4B-00C04F79EFBC}") = "Demo8Tests", "Demo8Tests\Demo8Tests.csproj", "{61B5BCD7-848B-471A-8EF9-644C1E74307E}"
EndProject
Global
	GlobalSection(SolutionConfigurationPlatforms) = preSolution
		Debug|Any CPU = Debug|Any CPU
		Release|Any CPU = Release|Any CPU
	EndGlobalSection
	GlobalSection(ProjectConfigurationPlatforms) = postSolution
		{E3B9CFF0-BC7D-42AD-98DE-59F3465E6E7F}.Debug|Any CPU.ActiveCfg = Debug|Any CPU
		{E3B9CFF0-BC7D-42AD-98DE-59F3465E6E7F}.Debug|Any CPU.Build.0 = Debug|Any CPU
		{E3B9CFF0-BC7D-42AD-98DE-59F3465E6E7F}.Release|Any CPU.ActiveCfg = Release|Any CPU
		{E3B9CFF0-BC7D-42AD-98DE-59F3465E6E7F}.Release|Any CPU.Build.0 = Release|Any CPU
		{66B92EBE-2636-4D8C-A9CC-BB4342F0AB26}.Debug|Any CPU.ActiveCfg = Debug|Any CPU
		{66B92EBE-2636-4D8C-A9CC-BB4342F0AB26}.Debug|Any CPU.Build.0 = Debug|Any CPU
		{66B92EBE-2636-4D8C-A9CC-BB4342F0AB26}.Release|Any CPU.ActiveCfg = Release|Any CPU
		{66B92EBE-2636-4D8C-A9CC-BB4342F0AB26}.Release|Any CPU.Build.0 = Release|Any CPU
		{BBA5B0C2-E75C-498C-BD61-BDE32C850CEA}.Debug|Any CPU.ActiveCfg = Debug|Any CPU
		{BBA5B0C2-E75C-498C-BD61-BDE32C850CEA}.Debug|Any CPU.Build.0 = Debug|Any CPU
		{BBA5B0C2-E75C-498C-BD61-BDE32C850CEA}.Release|Any CPU.ActiveCfg = Release|Any CPU
		{BBA5B0C2-E75C-498C-BD61-BDE32C850CEA}.Release|Any CPU.Build.0 = Release|Any CPU
		{6A013ED3-E5EC-49F0-8600-6A4C110477C6}.Debug|Any CPU.ActiveCfg = Debug|Any CPU
		{6A013ED3-E5EC-49F0-8600-6A4C110477C6}.Debug|Any CPU.Build.0 = Debug|Any CPU
		{6A013ED3-E5EC-49F0-8600-6A4C110477C6}.Release|Any CPU.ActiveCfg = Release|Any CPU
		{6A013ED3-E5EC-49F0-8600-6A4C110477C6}.Release|Any CPU.Build.0 = Release|Any CPU
		{61B5BCD7-848B-471A-8EF9-644C1E74307E}.Debug|Any CPU.ActiveCfg = Debug|Any CPU
		{61B5BCD7-848B-471A-8EF9-644C1E74307E}.Debug|Any CPU.Build.0 = Debug|Any CPU
		{61B5BCD7-848B-471A-8EF9-644C1E74307E}.Release|Any CPU.ActiveCfg = Release|Any CPU
		{61B5BCD7-848B-471A-8EF9-644C1E74307E}.Release|Any CPU.Build.0 = Release|Any CPU
	EndGlobalSection
	GlobalSection(SolutionProperties) = preSolution
		HideSolutionNode = FALSE
	EndGlobalSection
EndGlobal
